
Microsoft Visual Studio Solution File, Format Version 12.00
# Visual Studio Version 16
VisualStudioVersion = 16.0.30611.23
MinimumVisualStudioVersion = 10.0.40219.1
Project("{FAE04EC0-301F-11D3-BF4B-00C04F79EFBC}") = "CSHP03D 3.10", "CSHP03D 3.10\CSHP03D 3.10.csproj", "{ECB6614D-1A28-4AE1-843F-D47799D684FD}"
EndProject
Global
	GlobalSection(SolutionConfigurationPlatforms) = preSolution
		Debug|Any CPU = Debug|Any CPU
		Release|Any CPU = Release|Any CPU
	EndGlobalSection
	GlobalSection(ProjectConfigurationPlatforms) = postSolution
		{ECB6614D-1A28-4AE1-843F-D47799D684FD}.Debug|Any CPU.ActiveCfg = Debug|Any CPU
		{ECB6614D-1A28-4AE1-843F-D47799D684FD}.Debug|Any CPU.Build.0 = Debug|Any CPU
		{ECB6614D-1A28-4AE1-843F-D47799D684FD}.Release|Any CPU.ActiveCfg = Release|Any CPU
		{ECB6614D-1A28-4AE1-843F-D47799D684FD}.Release|Any CPU.Build.0 = Release|Any CPU
	EndGlobalSection
	GlobalSection(SolutionProperties) = preSolution
		HideSolutionNode = FALSE
	EndGlobalSection
	GlobalSection(ExtensibilityGlobals) = postSolution
		SolutionGuid = {61513DE3-0689-417C-B2C7-849214F1B43B}
	EndGlobalSection
EndGlobal
