
Microsoft Visual Studio Solution File, Format Version 12.00
# Visual Studio Version 16
VisualStudioVersion = 16.0.30611.23
MinimumVisualStudioVersion = 10.0.40219.1
Project("{FAE04EC0-301F-11D3-BF4B-00C04F79EFBC}") = "CSHP03D 1.5", "CSHP03D 1.5\CSHP03D 1.5.csproj", "{449B8C19-FD68-4ABC-A4FB-141505102C7E}"
EndProject
Global
	GlobalSection(SolutionConfigurationPlatforms) = preSolution
		Debug|Any CPU = Debug|Any CPU
		Release|Any CPU = Release|Any CPU
	EndGlobalSection
	GlobalSection(ProjectConfigurationPlatforms) = postSolution
		{449B8C19-FD68-4ABC-A4FB-141505102C7E}.Debug|Any CPU.ActiveCfg = Debug|Any CPU
		{449B8C19-FD68-4ABC-A4FB-141505102C7E}.Debug|Any CPU.Build.0 = Debug|Any CPU
		{449B8C19-FD68-4ABC-A4FB-141505102C7E}.Release|Any CPU.ActiveCfg = Release|Any CPU
		{449B8C19-FD68-4ABC-A4FB-141505102C7E}.Release|Any CPU.Build.0 = Release|Any CPU
	EndGlobalSection
	GlobalSection(SolutionProperties) = preSolution
		HideSolutionNode = FALSE
	EndGlobalSection
	GlobalSection(ExtensibilityGlobals) = postSolution
		SolutionGuid = {431EA2C3-56D3-44DE-9C95-F0470AE7BAD3}
	EndGlobalSection
EndGlobal
