
Microsoft Visual Studio Solution File, Format Version 12.00
# Visual Studio Version 16
VisualStudioVersion = 16.0.30611.23
MinimumVisualStudioVersion = 10.0.40219.1
Project("{FAE04EC0-301F-11D3-BF4B-00C04F79EFBC}") = "CSHP06D 5.1", "CSHP06D 5.1\CSHP06D 5.1.csproj", "{F2372140-3719-4C02-9833-C593792FD52D}"
EndProject
Global
	GlobalSection(SolutionConfigurationPlatforms) = preSolution
		Debug|Any CPU = Debug|Any CPU
		Release|Any CPU = Release|Any CPU
	EndGlobalSection
	GlobalSection(ProjectConfigurationPlatforms) = postSolution
		{F2372140-3719-4C02-9833-C593792FD52D}.Debug|Any CPU.ActiveCfg = Debug|Any CPU
		{F2372140-3719-4C02-9833-C593792FD52D}.Debug|Any CPU.Build.0 = Debug|Any CPU
		{F2372140-3719-4C02-9833-C593792FD52D}.Release|Any CPU.ActiveCfg = Release|Any CPU
		{F2372140-3719-4C02-9833-C593792FD52D}.Release|Any CPU.Build.0 = Release|Any CPU
	EndGlobalSection
	GlobalSection(SolutionProperties) = preSolution
		HideSolutionNode = FALSE
	EndGlobalSection
	GlobalSection(ExtensibilityGlobals) = postSolution
		SolutionGuid = {CF094F45-17FC-45BA-A593-AE2E87C78F43}
	EndGlobalSection
EndGlobal
