
Microsoft Visual Studio Solution File, Format Version 12.00
# Visual Studio Version 16
VisualStudioVersion = 16.0.30611.23
MinimumVisualStudioVersion = 10.0.40219.1
Project("{FAE04EC0-301F-11D3-BF4B-00C04F79EFBC}") = "CSHP05D 3.3", "CSHP05D 3.3\CSHP05D 3.3.csproj", "{70B61094-25B4-4A99-A4DD-94F949046557}"
EndProject
Global
	GlobalSection(SolutionConfigurationPlatforms) = preSolution
		Debug|Any CPU = Debug|Any CPU
		Release|Any CPU = Release|Any CPU
	EndGlobalSection
	GlobalSection(ProjectConfigurationPlatforms) = postSolution
		{70B61094-25B4-4A99-A4DD-94F949046557}.Debug|Any CPU.ActiveCfg = Debug|Any CPU
		{70B61094-25B4-4A99-A4DD-94F949046557}.Debug|Any CPU.Build.0 = Debug|Any CPU
		{70B61094-25B4-4A99-A4DD-94F949046557}.Release|Any CPU.ActiveCfg = Release|Any CPU
		{70B61094-25B4-4A99-A4DD-94F949046557}.Release|Any CPU.Build.0 = Release|Any CPU
	EndGlobalSection
	GlobalSection(SolutionProperties) = preSolution
		HideSolutionNode = FALSE
	EndGlobalSection
	GlobalSection(ExtensibilityGlobals) = postSolution
		SolutionGuid = {7CE7B5FC-7578-4562-B148-8AA172407BE8}
	EndGlobalSection
EndGlobal
