
Microsoft Visual Studio Solution File, Format Version 12.00
# Visual Studio Version 16
VisualStudioVersion = 16.0.30611.23
MinimumVisualStudioVersion = 10.0.40219.1
Project("{FAE04EC0-301F-11D3-BF4B-00C04F79EFBC}") = "Übungen", "Übungen\Übungen.csproj", "{8AD2080D-BAAB-4DD7-90A9-7E60143E9B36}"
EndProject
Global
	GlobalSection(SolutionConfigurationPlatforms) = preSolution
		Debug|Any CPU = Debug|Any CPU
		Release|Any CPU = Release|Any CPU
	EndGlobalSection
	GlobalSection(ProjectConfigurationPlatforms) = postSolution
		{8AD2080D-BAAB-4DD7-90A9-7E60143E9B36}.Debug|Any CPU.ActiveCfg = Debug|Any CPU
		{8AD2080D-BAAB-4DD7-90A9-7E60143E9B36}.Debug|Any CPU.Build.0 = Debug|Any CPU
		{8AD2080D-BAAB-4DD7-90A9-7E60143E9B36}.Release|Any CPU.ActiveCfg = Release|Any CPU
		{8AD2080D-BAAB-4DD7-90A9-7E60143E9B36}.Release|Any CPU.Build.0 = Release|Any CPU
	EndGlobalSection
	GlobalSection(SolutionProperties) = preSolution
		HideSolutionNode = FALSE
	EndGlobalSection
	GlobalSection(ExtensibilityGlobals) = postSolution
		SolutionGuid = {D01A748E-43D0-46CF-8689-D4F4118102A4}
	EndGlobalSection
EndGlobal
