
Microsoft Visual Studio Solution File, Format Version 12.00
# Visual Studio Version 16
VisualStudioVersion = 16.0.30611.23
MinimumVisualStudioVersion = 10.0.40219.1
Project("{FAE04EC0-301F-11D3-BF4B-00C04F79EFBC}") = "CSHP02D_7.1", "CSHP02D_7.1\CSHP02D_7.1.csproj", "{BCA210F2-25FC-4ACF-AB49-E7EB3F9AC7F1}"
EndProject
Global
	GlobalSection(SolutionConfigurationPlatforms) = preSolution
		Debug|Any CPU = Debug|Any CPU
		Release|Any CPU = Release|Any CPU
	EndGlobalSection
	GlobalSection(ProjectConfigurationPlatforms) = postSolution
		{BCA210F2-25FC-4ACF-AB49-E7EB3F9AC7F1}.Debug|Any CPU.ActiveCfg = Debug|Any CPU
		{BCA210F2-25FC-4ACF-AB49-E7EB3F9AC7F1}.Debug|Any CPU.Build.0 = Debug|Any CPU
		{BCA210F2-25FC-4ACF-AB49-E7EB3F9AC7F1}.Release|Any CPU.ActiveCfg = Release|Any CPU
		{BCA210F2-25FC-4ACF-AB49-E7EB3F9AC7F1}.Release|Any CPU.Build.0 = Release|Any CPU
	EndGlobalSection
	GlobalSection(SolutionProperties) = preSolution
		HideSolutionNode = FALSE
	EndGlobalSection
	GlobalSection(ExtensibilityGlobals) = postSolution
		SolutionGuid = {5307F0C8-FCFC-43BE-97CE-66ADDA4CB986}
	EndGlobalSection
EndGlobal
