
Microsoft Visual Studio Solution File, Format Version 12.00
# Visual Studio Version 16
VisualStudioVersion = 16.0.28803.156
MinimumVisualStudioVersion = 10.0.40219.1
Project("{FAE04EC0-301F-11D3-BF4B-00C04F79EFBC}") = "BinaryDemo3", "BinaryDemo3\BinaryDemo3.csproj", "{FD50B4E0-54C9-4B1F-ADD4-541FFBEDC010}"
EndProject
Global
	GlobalSection(SolutionConfigurationPlatforms) = preSolution
		Debug|Any CPU = Debug|Any CPU
		Release|Any CPU = Release|Any CPU
	EndGlobalSection
	GlobalSection(ProjectConfigurationPlatforms) = postSolution
		{FD50B4E0-54C9-4B1F-ADD4-541FFBEDC010}.Debug|Any CPU.ActiveCfg = Debug|Any CPU
		{FD50B4E0-54C9-4B1F-ADD4-541FFBEDC010}.Debug|Any CPU.Build.0 = Debug|Any CPU
		{FD50B4E0-54C9-4B1F-ADD4-541FFBEDC010}.Release|Any CPU.ActiveCfg = Release|Any CPU
		{FD50B4E0-54C9-4B1F-ADD4-541FFBEDC010}.Release|Any CPU.Build.0 = Release|Any CPU
	EndGlobalSection
	GlobalSection(SolutionProperties) = preSolution
		HideSolutionNode = FALSE
	EndGlobalSection
	GlobalSection(ExtensibilityGlobals) = postSolution
		SolutionGuid = {8C847E65-0B1F-43EB-88FC-81E444C7B686}
	EndGlobalSection
EndGlobal
