
Microsoft Visual Studio Solution File, Format Version 12.00
# Visual Studio Version 16
VisualStudioVersion = 16.0.30611.23
MinimumVisualStudioVersion = 10.0.40219.1
Project("{FAE04EC0-301F-11D3-BF4B-00C04F79EFBC}") = "CSHP10D 3.1", "CSHP10D 3.1\CSHP10D 3.1.csproj", "{AC03A797-20EA-4C48-8E5E-6D5A4A842E75}"
EndProject
Global
	GlobalSection(SolutionConfigurationPlatforms) = preSolution
		Debug|Any CPU = Debug|Any CPU
		Release|Any CPU = Release|Any CPU
	EndGlobalSection
	GlobalSection(ProjectConfigurationPlatforms) = postSolution
		{AC03A797-20EA-4C48-8E5E-6D5A4A842E75}.Debug|Any CPU.ActiveCfg = Debug|Any CPU
		{AC03A797-20EA-4C48-8E5E-6D5A4A842E75}.Debug|Any CPU.Build.0 = Debug|Any CPU
		{AC03A797-20EA-4C48-8E5E-6D5A4A842E75}.Release|Any CPU.ActiveCfg = Release|Any CPU
		{AC03A797-20EA-4C48-8E5E-6D5A4A842E75}.Release|Any CPU.Build.0 = Release|Any CPU
	EndGlobalSection
	GlobalSection(SolutionProperties) = preSolution
		HideSolutionNode = FALSE
	EndGlobalSection
	GlobalSection(ExtensibilityGlobals) = postSolution
		SolutionGuid = {0AECEB06-8536-473E-94A2-788E218E99E3}
	EndGlobalSection
EndGlobal
