
Microsoft Visual Studio Solution File, Format Version 12.00
# Visual Studio Version 16
VisualStudioVersion = 16.0.30611.23
MinimumVisualStudioVersion = 10.0.40219.1
Project("{FAE04EC0-301F-11D3-BF4B-00C04F79EFBC}") = "CSHP13D 1.2", "CSHP13D 1.2\CSHP13D 1.2.csproj", "{180D1532-5D2E-493D-8CC6-98D1C6184844}"
EndProject
Global
	GlobalSection(SolutionConfigurationPlatforms) = preSolution
		Debug|Any CPU = Debug|Any CPU
		Release|Any CPU = Release|Any CPU
	EndGlobalSection
	GlobalSection(ProjectConfigurationPlatforms) = postSolution
		{180D1532-5D2E-493D-8CC6-98D1C6184844}.Debug|Any CPU.ActiveCfg = Debug|Any CPU
		{180D1532-5D2E-493D-8CC6-98D1C6184844}.Debug|Any CPU.Build.0 = Debug|Any CPU
		{180D1532-5D2E-493D-8CC6-98D1C6184844}.Release|Any CPU.ActiveCfg = Release|Any CPU
		{180D1532-5D2E-493D-8CC6-98D1C6184844}.Release|Any CPU.Build.0 = Release|Any CPU
	EndGlobalSection
	GlobalSection(SolutionProperties) = preSolution
		HideSolutionNode = FALSE
	EndGlobalSection
	GlobalSection(ExtensibilityGlobals) = postSolution
		SolutionGuid = {A5DCB535-14E5-4E6A-99A6-0A650D96FB0B}
	EndGlobalSection
EndGlobal
