
Microsoft Visual Studio Solution File, Format Version 12.00
# Visual Studio Version 16
VisualStudioVersion = 16.0.30611.23
MinimumVisualStudioVersion = 10.0.40219.1
Project("{FAE04EC0-301F-11D3-BF4B-00C04F79EFBC}") = "Datentypen 4.2.3", "Datentypen 4.2.3\Datentypen 4.2.3.csproj", "{014DA60B-505B-4EFC-ACCE-AB4590C68A2A}"
EndProject
Global
	GlobalSection(SolutionConfigurationPlatforms) = preSolution
		Debug|Any CPU = Debug|Any CPU
		Release|Any CPU = Release|Any CPU
	EndGlobalSection
	GlobalSection(ProjectConfigurationPlatforms) = postSolution
		{014DA60B-505B-4EFC-ACCE-AB4590C68A2A}.Debug|Any CPU.ActiveCfg = Debug|Any CPU
		{014DA60B-505B-4EFC-ACCE-AB4590C68A2A}.Debug|Any CPU.Build.0 = Debug|Any CPU
		{014DA60B-505B-4EFC-ACCE-AB4590C68A2A}.Release|Any CPU.ActiveCfg = Release|Any CPU
		{014DA60B-505B-4EFC-ACCE-AB4590C68A2A}.Release|Any CPU.Build.0 = Release|Any CPU
	EndGlobalSection
	GlobalSection(SolutionProperties) = preSolution
		HideSolutionNode = FALSE
	EndGlobalSection
	GlobalSection(ExtensibilityGlobals) = postSolution
		SolutionGuid = {6BF01E56-5954-428F-8EDC-7056450F5CDF}
	EndGlobalSection
EndGlobal
