
Microsoft Visual Studio Solution File, Format Version 12.00
# Visual Studio Version 16
VisualStudioVersion = 16.0.30611.23
MinimumVisualStudioVersion = 10.0.40219.1
Project("{FAE04EC0-301F-11D3-BF4B-00C04F79EFBC}") = "CSHP12D Einsendeaufgabe 3", "CSHP12D Einsendeaufgabe 3\CSHP12D Einsendeaufgabe 3.csproj", "{E08CDEB8-31B8-4B94-928A-C6C8FB1256ED}"
EndProject
Global
	GlobalSection(SolutionConfigurationPlatforms) = preSolution
		Debug|Any CPU = Debug|Any CPU
		Release|Any CPU = Release|Any CPU
	EndGlobalSection
	GlobalSection(ProjectConfigurationPlatforms) = postSolution
		{E08CDEB8-31B8-4B94-928A-C6C8FB1256ED}.Debug|Any CPU.ActiveCfg = Debug|Any CPU
		{E08CDEB8-31B8-4B94-928A-C6C8FB1256ED}.Debug|Any CPU.Build.0 = Debug|Any CPU
		{E08CDEB8-31B8-4B94-928A-C6C8FB1256ED}.Release|Any CPU.ActiveCfg = Release|Any CPU
		{E08CDEB8-31B8-4B94-928A-C6C8FB1256ED}.Release|Any CPU.Build.0 = Release|Any CPU
	EndGlobalSection
	GlobalSection(SolutionProperties) = preSolution
		HideSolutionNode = FALSE
	EndGlobalSection
	GlobalSection(ExtensibilityGlobals) = postSolution
		SolutionGuid = {40A9394A-1D06-42DC-A26D-8A6160321AB7}
	EndGlobalSection
EndGlobal
