
Microsoft Visual Studio Solution File, Format Version 12.00
# Visual Studio Version 16
VisualStudioVersion = 16.0.30611.23
MinimumVisualStudioVersion = 10.0.40219.1
Project("{FAE04EC0-301F-11D3-BF4B-00C04F79EFBC}") = "CSHP06D Einsendeaufgabe 6", "CSHP06D Einsendeaufgabe 6\CSHP06D Einsendeaufgabe 6.csproj", "{ACD3E5E1-A58F-4588-8166-51D03AAB11ED}"
EndProject
Global
	GlobalSection(SolutionConfigurationPlatforms) = preSolution
		Debug|Any CPU = Debug|Any CPU
		Release|Any CPU = Release|Any CPU
	EndGlobalSection
	GlobalSection(ProjectConfigurationPlatforms) = postSolution
		{ACD3E5E1-A58F-4588-8166-51D03AAB11ED}.Debug|Any CPU.ActiveCfg = Debug|Any CPU
		{ACD3E5E1-A58F-4588-8166-51D03AAB11ED}.Debug|Any CPU.Build.0 = Debug|Any CPU
		{ACD3E5E1-A58F-4588-8166-51D03AAB11ED}.Release|Any CPU.ActiveCfg = Release|Any CPU
		{ACD3E5E1-A58F-4588-8166-51D03AAB11ED}.Release|Any CPU.Build.0 = Release|Any CPU
	EndGlobalSection
	GlobalSection(SolutionProperties) = preSolution
		HideSolutionNode = FALSE
	EndGlobalSection
	GlobalSection(ExtensibilityGlobals) = postSolution
		SolutionGuid = {C2709C2E-77DD-41AF-A377-0BDCAC4D5A4B}
	EndGlobalSection
EndGlobal
