
Microsoft Visual Studio Solution File, Format Version 12.00
# Visual Studio Version 16
VisualStudioVersion = 16.0.30611.23
MinimumVisualStudioVersion = 10.0.40219.1
Project("{9A19103F-16F7-4668-BE54-9A1E7A4F7556}") = "CSHP04D Einsendeaufgabe", "CSHP04D Einsendeaufgabe\CSHP04D Einsendeaufgabe.csproj", "{66877D83-7C48-4ED3-A14A-562F81D36964}"
EndProject
Project("{9A19103F-16F7-4668-BE54-9A1E7A4F7556}") = "Einsendeaufgabe Wiederholung CSHP04D", "..\Einsendeaufgabe Wiederholung CSHP04D\Einsendeaufgabe Wiederholung CSHP04D\Einsendeaufgabe Wiederholung CSHP04D.csproj", "{B8CF5BE1-3ACC-42D7-9D24-C425086B0930}"
EndProject
Global
	GlobalSection(SolutionConfigurationPlatforms) = preSolution
		Debug|Any CPU = Debug|Any CPU
		Release|Any CPU = Release|Any CPU
	EndGlobalSection
	GlobalSection(ProjectConfigurationPlatforms) = postSolution
		{66877D83-7C48-4ED3-A14A-562F81D36964}.Debug|Any CPU.ActiveCfg = Debug|Any CPU
		{66877D83-7C48-4ED3-A14A-562F81D36964}.Debug|Any CPU.Build.0 = Debug|Any CPU
		{66877D83-7C48-4ED3-A14A-562F81D36964}.Release|Any CPU.ActiveCfg = Release|Any CPU
		{66877D83-7C48-4ED3-A14A-562F81D36964}.Release|Any CPU.Build.0 = Release|Any CPU
		{B8CF5BE1-3ACC-42D7-9D24-C425086B0930}.Debug|Any CPU.ActiveCfg = Debug|Any CPU
		{B8CF5BE1-3ACC-42D7-9D24-C425086B0930}.Debug|Any CPU.Build.0 = Debug|Any CPU
		{B8CF5BE1-3ACC-42D7-9D24-C425086B0930}.Release|Any CPU.ActiveCfg = Release|Any CPU
		{B8CF5BE1-3ACC-42D7-9D24-C425086B0930}.Release|Any CPU.Build.0 = Release|Any CPU
	EndGlobalSection
	GlobalSection(SolutionProperties) = preSolution
		HideSolutionNode = FALSE
	EndGlobalSection
	GlobalSection(ExtensibilityGlobals) = postSolution
		SolutionGuid = {E01E9A60-F1B1-4F2B-8303-F3CD140579F9}
	EndGlobalSection
EndGlobal
