
Microsoft Visual Studio Solution File, Format Version 12.00
# Visual Studio Version 16
VisualStudioVersion = 16.0.30611.23
MinimumVisualStudioVersion = 10.0.40219.1
Project("{FAE04EC0-301F-11D3-BF4B-00C04F79EFBC}") = "CSHP13D 4.2", "CSHP13D 4.2\CSHP13D 4.2.csproj", "{1FF68101-F4BD-4673-B367-BC16A2F63263}"
EndProject
Global
	GlobalSection(SolutionConfigurationPlatforms) = preSolution
		Debug|Any CPU = Debug|Any CPU
		Release|Any CPU = Release|Any CPU
	EndGlobalSection
	GlobalSection(ProjectConfigurationPlatforms) = postSolution
		{1FF68101-F4BD-4673-B367-BC16A2F63263}.Debug|Any CPU.ActiveCfg = Debug|Any CPU
		{1FF68101-F4BD-4673-B367-BC16A2F63263}.Debug|Any CPU.Build.0 = Debug|Any CPU
		{1FF68101-F4BD-4673-B367-BC16A2F63263}.Release|Any CPU.ActiveCfg = Release|Any CPU
		{1FF68101-F4BD-4673-B367-BC16A2F63263}.Release|Any CPU.Build.0 = Release|Any CPU
	EndGlobalSection
	GlobalSection(SolutionProperties) = preSolution
		HideSolutionNode = FALSE
	EndGlobalSection
	GlobalSection(ExtensibilityGlobals) = postSolution
		SolutionGuid = {A86AD9CA-81C6-4475-AB0B-CFAE82B6207D}
	EndGlobalSection
EndGlobal
