
Microsoft Visual Studio Solution File, Format Version 12.00
# Visual Studio Version 16
VisualStudioVersion = 16.0.30611.23
MinimumVisualStudioVersion = 10.0.40219.1
Project("{FAE04EC0-301F-11D3-BF4B-00C04F79EFBC}") = "CSHP10D 4.1", "CSHP10D 4.1\CSHP10D 4.1.csproj", "{973D77D0-F53C-407B-8404-534FA8DBAFEC}"
EndProject
Global
	GlobalSection(SolutionConfigurationPlatforms) = preSolution
		Debug|Any CPU = Debug|Any CPU
		Release|Any CPU = Release|Any CPU
	EndGlobalSection
	GlobalSection(ProjectConfigurationPlatforms) = postSolution
		{973D77D0-F53C-407B-8404-534FA8DBAFEC}.Debug|Any CPU.ActiveCfg = Debug|Any CPU
		{973D77D0-F53C-407B-8404-534FA8DBAFEC}.Debug|Any CPU.Build.0 = Debug|Any CPU
		{973D77D0-F53C-407B-8404-534FA8DBAFEC}.Release|Any CPU.ActiveCfg = Release|Any CPU
		{973D77D0-F53C-407B-8404-534FA8DBAFEC}.Release|Any CPU.Build.0 = Release|Any CPU
	EndGlobalSection
	GlobalSection(SolutionProperties) = preSolution
		HideSolutionNode = FALSE
	EndGlobalSection
	GlobalSection(ExtensibilityGlobals) = postSolution
		SolutionGuid = {35A9DFE0-0EA3-4428-9181-44AB6694AB7A}
	EndGlobalSection
EndGlobal
