
Microsoft Visual Studio Solution File, Format Version 12.00
# Visual Studio Version 16
VisualStudioVersion = 16.0.30611.23
MinimumVisualStudioVersion = 10.0.40219.1
Project("{FAE04EC0-301F-11D3-BF4B-00C04F79EFBC}") = "CSHP03D 3.1", "CSHP03D 3.1\CSHP03D 3.1.csproj", "{39A1FE99-9159-4C2C-A1BA-B6CF1E1D52B0}"
EndProject
Global
	GlobalSection(SolutionConfigurationPlatforms) = preSolution
		Debug|Any CPU = Debug|Any CPU
		Release|Any CPU = Release|Any CPU
	EndGlobalSection
	GlobalSection(ProjectConfigurationPlatforms) = postSolution
		{39A1FE99-9159-4C2C-A1BA-B6CF1E1D52B0}.Debug|Any CPU.ActiveCfg = Debug|Any CPU
		{39A1FE99-9159-4C2C-A1BA-B6CF1E1D52B0}.Debug|Any CPU.Build.0 = Debug|Any CPU
		{39A1FE99-9159-4C2C-A1BA-B6CF1E1D52B0}.Release|Any CPU.ActiveCfg = Release|Any CPU
		{39A1FE99-9159-4C2C-A1BA-B6CF1E1D52B0}.Release|Any CPU.Build.0 = Release|Any CPU
	EndGlobalSection
	GlobalSection(SolutionProperties) = preSolution
		HideSolutionNode = FALSE
	EndGlobalSection
	GlobalSection(ExtensibilityGlobals) = postSolution
		SolutionGuid = {D238294B-B6C5-49FD-A5B8-B79ADE607662}
	EndGlobalSection
EndGlobal
