
Microsoft Visual Studio Solution File, Format Version 12.00
# Visual Studio Version 16
VisualStudioVersion = 16.0.30611.23
MinimumVisualStudioVersion = 10.0.40219.1
Project("{FAE04EC0-301F-11D3-BF4B-00C04F79EFBC}") = "CSHP07D 1.3", "CSHP07D 1.3\CSHP07D 1.3.csproj", "{DD215B1C-A169-46FC-A139-57C0A2917D10}"
EndProject
Global
	GlobalSection(SolutionConfigurationPlatforms) = preSolution
		Debug|Any CPU = Debug|Any CPU
		Release|Any CPU = Release|Any CPU
	EndGlobalSection
	GlobalSection(ProjectConfigurationPlatforms) = postSolution
		{DD215B1C-A169-46FC-A139-57C0A2917D10}.Debug|Any CPU.ActiveCfg = Debug|Any CPU
		{DD215B1C-A169-46FC-A139-57C0A2917D10}.Debug|Any CPU.Build.0 = Debug|Any CPU
		{DD215B1C-A169-46FC-A139-57C0A2917D10}.Release|Any CPU.ActiveCfg = Release|Any CPU
		{DD215B1C-A169-46FC-A139-57C0A2917D10}.Release|Any CPU.Build.0 = Release|Any CPU
	EndGlobalSection
	GlobalSection(SolutionProperties) = preSolution
		HideSolutionNode = FALSE
	EndGlobalSection
	GlobalSection(ExtensibilityGlobals) = postSolution
		SolutionGuid = {51014863-3D61-4B67-9CDA-E01C4494ABBD}
	EndGlobalSection
EndGlobal
